
Microsoft Visual Studio Solution File, Format Version 12.00
# Visual Studio 15
VisualStudioVersion = 15.0.27004.2002
MinimumVisualStudioVersion = 10.0.40219.1
Project("{FAE04EC0-301F-11D3-BF4B-00C04F79EFBC}") = "ankitbhimani-500px", "ankitbhimani-500px\ankitbhimani-500px.csproj", "{C54C60D2-37ED-4DE5-8D42-78005512F0C4}"
EndProject
Project("{FAE04EC0-301F-11D3-BF4B-00C04F79EFBC}") = "API-500px", "API-500px\API-500px.csproj", "{96A28518-AB38-42DF-A762-7661E2436FA5}"
EndProject
Global
	GlobalSection(SolutionConfigurationPlatforms) = preSolution
		Debug|Any CPU = Debug|Any CPU
		Release|Any CPU = Release|Any CPU
	EndGlobalSection
	GlobalSection(ProjectConfigurationPlatforms) = postSolution
		{C54C60D2-37ED-4DE5-8D42-78005512F0C4}.Debug|Any CPU.ActiveCfg = Debug|Any CPU
		{C54C60D2-37ED-4DE5-8D42-78005512F0C4}.Debug|Any CPU.Build.0 = Debug|Any CPU
		{C54C60D2-37ED-4DE5-8D42-78005512F0C4}.Release|Any CPU.ActiveCfg = Release|Any CPU
		{C54C60D2-37ED-4DE5-8D42-78005512F0C4}.Release|Any CPU.Build.0 = Release|Any CPU
		{96A28518-AB38-42DF-A762-7661E2436FA5}.Debug|Any CPU.ActiveCfg = Debug|Any CPU
		{96A28518-AB38-42DF-A762-7661E2436FA5}.Debug|Any CPU.Build.0 = Debug|Any CPU
		{96A28518-AB38-42DF-A762-7661E2436FA5}.Release|Any CPU.ActiveCfg = Release|Any CPU
		{96A28518-AB38-42DF-A762-7661E2436FA5}.Release|Any CPU.Build.0 = Release|Any CPU
	EndGlobalSection
	GlobalSection(SolutionProperties) = preSolution
		HideSolutionNode = FALSE
	EndGlobalSection
	GlobalSection(ExtensibilityGlobals) = postSolution
		SolutionGuid = {B871D567-647C-4462-896B-5C2350A865FB}
	EndGlobalSection
EndGlobal
